<?xml version="1.0" encoding="utf-8"?>
<Project ToolsVersion="4.0" xmlns="http://schemas.microsoft.com/developer/msbuild/2003">
  <ItemGroup>
    <Filter Include="Infinity">
      <UniqueIdentifier>{EF7597E3-DB42-F2EE-045C-E096F087277D}</UniqueIdentifier>
    </Filter>
    <Filter Include="Infinity\Events">
      <UniqueIdentifier>{F33EED86-5FCA-5A4B-68DB-DD3FD4E5B64B}</UniqueIdentifier>
    </Filter>
    <Filter Include="Infinity\ImGui">
      <UniqueIdentifier>{596242A7-4530-36AD-2EC4-A6D31A311212}</UniqueIdentifier>
    </Filter>
    <Filter Include="Platform">
      <UniqueIdentifier>{2AC788B4-1694-E3BF-3FAD-D1672BD9184E}</UniqueIdentifier>
    </Filter>
    <Filter Include="Platform\OpenGL">
      <UniqueIdentifier>{1E7D2C1D-8A08-9AE1-9319-1DD6FF23F6E1}</UniqueIdentifier>
    </Filter>
    <Filter Include="Platform\Windows">
      <UniqueIdentifier>{64FBD71A-50F4-F66C-7926-DCF1657ED678}</UniqueIdentifier>
    </Filter>
  </ItemGroup>
  <ItemGroup>
    <ClInclude Include="src\Infinity.h" />
    <ClInclude Include="src\Infinity\Application.h">
      <Filter>Infinity</Filter>
    </ClInclude>
    <ClInclude Include="src\Infinity\Core.h">
      <Filter>Infinity</Filter>
    </ClInclude>
    <ClInclude Include="src\Infinity\EntryPoint.h">
      <Filter>Infinity</Filter>
    </ClInclude>
    <ClInclude Include="src\Infinity\Events\ApplicationEvent.h">
      <Filter>Infinity\Events</Filter>
    </ClInclude>
    <ClInclude Include="src\Infinity\Events\Event.h">
      <Filter>Infinity\Events</Filter>
    </ClInclude>
    <ClInclude Include="src\Infinity\Events\KeyEvent.h">
      <Filter>Infinity\Events</Filter>
    </ClInclude>
    <ClInclude Include="src\Infinity\Events\MouseEvent.h">
      <Filter>Infinity\Events</Filter>
    </ClInclude>
    <ClInclude Include="src\Infinity\ImGui\ImGuiLayer.h">
      <Filter>Infinity\ImGui</Filter>
    </ClInclude>
    <ClInclude Include="src\Infinity\Layer.h">
      <Filter>Infinity</Filter>
    </ClInclude>
    <ClInclude Include="src\Infinity\LayerStack.h">
      <Filter>Infinity</Filter>
    </ClInclude>
    <ClInclude Include="src\Infinity\Log.h">
      <Filter>Infinity</Filter>
    </ClInclude>
    <ClInclude Include="src\Infinity\Window.h">
      <Filter>Infinity</Filter>
    </ClInclude>
    <ClInclude Include="src\Platform\OpenGL\ImGuiOpenGLRenderer.h">
      <Filter>Platform\OpenGL</Filter>
    </ClInclude>
    <ClInclude Include="src\Platform\Windows\WindowsWindow.h">
      <Filter>Platform\Windows</Filter>
    </ClInclude>
    <ClInclude Include="src\infpch.h" />
  </ItemGroup>
  <ItemGroup>
    <ClCompile Include="src\Infinity\Application.cpp">
      <Filter>Infinity</Filter>
    </ClCompile>
    <ClCompile Include="src\Infinity\ImGui\ImGuiLayer.cpp">
      <Filter>Infinity\ImGui</Filter>
    </ClCompile>
    <ClCompile Include="src\Infinity\Layer.cpp">
      <Filter>Infinity</Filter>
    </ClCompile>
    <ClCompile Include="src\Infinity\LayerStack.cpp">
      <Filter>Infinity</Filter>
    </ClCompile>
    <ClCompile Include="src\Infinity\Log.cpp">
      <Filter>Infinity</Filter>
    </ClCompile>
    <ClCompile Include="src\Platform\OpenGL\ImGuiOpenGLRenderer.cpp">
      <Filter>Platform\OpenGL</Filter>
    </ClCompile>
    <ClCompile Include="src\Platform\Windows\WindowsWindow.cpp">
      <Filter>Platform\Windows</Filter>
    </ClCompile>
    <ClCompile Include="src\infpch.cpp" />
  </ItemGroup>
</Project>